
Microsoft Visual Studio Solution File, Format Version 12.00
# Visual Studio Version 17
VisualStudioVersion = 17.9.34701.34
MinimumVisualStudioVersion = 10.0.40219.1
Project("{9A19103F-16F7-4668-BE54-9A1E7A4F7556}") = "022101023", "bai 10 trang 64\022101023.csproj", "{68F871A7-09B4-4122-8C1E-C35C940ED437}"
EndProject
Global
	GlobalSection(SolutionConfigurationPlatforms) = preSolution
		Debug|Any CPU = Debug|Any CPU
		Release|Any CPU = Release|Any CPU
	EndGlobalSection
	GlobalSection(ProjectConfigurationPlatforms) = postSolution
		{68F871A7-09B4-4122-8C1E-C35C940ED437}.Debug|Any CPU.ActiveCfg = Debug|Any CPU
		{68F871A7-09B4-4122-8C1E-C35C940ED437}.Debug|Any CPU.Build.0 = Debug|Any CPU
		{68F871A7-09B4-4122-8C1E-C35C940ED437}.Release|Any CPU.ActiveCfg = Release|Any CPU
		{68F871A7-09B4-4122-8C1E-C35C940ED437}.Release|Any CPU.Build.0 = Release|Any CPU
	EndGlobalSection
	GlobalSection(SolutionProperties) = preSolution
		HideSolutionNode = FALSE
	EndGlobalSection
	GlobalSection(ExtensibilityGlobals) = postSolution
		SolutionGuid = {E7C6F858-030A-4114-9017-9D7AFC25FD03}
	EndGlobalSection
EndGlobal
