
Microsoft Visual Studio Solution File, Format Version 12.00
# Visual Studio Version 17
VisualStudioVersion = 17.7.34031.279
MinimumVisualStudioVersion = 10.0.40219.1
Project("{FAE04EC0-301F-11D3-BF4B-00C04F79EFBC}") = "022101023", "022101023\022101023.csproj", "{5E10DFDA-101C-4B93-AA23-E00D7B4324F5}"
EndProject
Global
	GlobalSection(SolutionConfigurationPlatforms) = preSolution
		Debug|Any CPU = Debug|Any CPU
		Release|Any CPU = Release|Any CPU
	EndGlobalSection
	GlobalSection(ProjectConfigurationPlatforms) = postSolution
		{5E10DFDA-101C-4B93-AA23-E00D7B4324F5}.Debug|Any CPU.ActiveCfg = Debug|Any CPU
		{5E10DFDA-101C-4B93-AA23-E00D7B4324F5}.Debug|Any CPU.Build.0 = Debug|Any CPU
		{5E10DFDA-101C-4B93-AA23-E00D7B4324F5}.Release|Any CPU.ActiveCfg = Release|Any CPU
		{5E10DFDA-101C-4B93-AA23-E00D7B4324F5}.Release|Any CPU.Build.0 = Release|Any CPU
	EndGlobalSection
	GlobalSection(SolutionProperties) = preSolution
		HideSolutionNode = FALSE
	EndGlobalSection
	GlobalSection(ExtensibilityGlobals) = postSolution
		SolutionGuid = {447E7640-C71F-4C8E-9729-EFD0012FA1D2}
	EndGlobalSection
EndGlobal
