
Microsoft Visual Studio Solution File, Format Version 12.00
# Visual Studio Version 17
VisualStudioVersion = 17.7.34031.279
MinimumVisualStudioVersion = 10.0.40219.1
Project("{FAE04EC0-301F-11D3-BF4B-00C04F79EFBC}") = "vd kế thừa", "vd kế thừa\vd kế thừa.csproj", "{0AF0549D-9F92-4435-A947-0FD331A93B8E}"
EndProject
Global
	GlobalSection(SolutionConfigurationPlatforms) = preSolution
		Debug|Any CPU = Debug|Any CPU
		Release|Any CPU = Release|Any CPU
	EndGlobalSection
	GlobalSection(ProjectConfigurationPlatforms) = postSolution
		{0AF0549D-9F92-4435-A947-0FD331A93B8E}.Debug|Any CPU.ActiveCfg = Debug|Any CPU
		{0AF0549D-9F92-4435-A947-0FD331A93B8E}.Debug|Any CPU.Build.0 = Debug|Any CPU
		{0AF0549D-9F92-4435-A947-0FD331A93B8E}.Release|Any CPU.ActiveCfg = Release|Any CPU
		{0AF0549D-9F92-4435-A947-0FD331A93B8E}.Release|Any CPU.Build.0 = Release|Any CPU
	EndGlobalSection
	GlobalSection(SolutionProperties) = preSolution
		HideSolutionNode = FALSE
	EndGlobalSection
	GlobalSection(ExtensibilityGlobals) = postSolution
		SolutionGuid = {1B7BB36D-465F-4B73-8DB9-E5738A65766F}
	EndGlobalSection
EndGlobal
