
Microsoft Visual Studio Solution File, Format Version 12.00
# Visual Studio Version 17
VisualStudioVersion = 17.7.34031.279
MinimumVisualStudioVersion = 10.0.40219.1
Project("{FAE04EC0-301F-11D3-BF4B-00C04F79EFBC}") = "Phương thức Delegate", "Phương thức Delegate\Phương thức Delegate.csproj", "{3153CBA2-CA1B-4DDC-85D1-BE09F55E28D5}"
EndProject
Global
	GlobalSection(SolutionConfigurationPlatforms) = preSolution
		Debug|Any CPU = Debug|Any CPU
		Release|Any CPU = Release|Any CPU
	EndGlobalSection
	GlobalSection(ProjectConfigurationPlatforms) = postSolution
		{3153CBA2-CA1B-4DDC-85D1-BE09F55E28D5}.Debug|Any CPU.ActiveCfg = Debug|Any CPU
		{3153CBA2-CA1B-4DDC-85D1-BE09F55E28D5}.Debug|Any CPU.Build.0 = Debug|Any CPU
		{3153CBA2-CA1B-4DDC-85D1-BE09F55E28D5}.Release|Any CPU.ActiveCfg = Release|Any CPU
		{3153CBA2-CA1B-4DDC-85D1-BE09F55E28D5}.Release|Any CPU.Build.0 = Release|Any CPU
	EndGlobalSection
	GlobalSection(SolutionProperties) = preSolution
		HideSolutionNode = FALSE
	EndGlobalSection
	GlobalSection(ExtensibilityGlobals) = postSolution
		SolutionGuid = {1463D14D-8B6F-4601-9E43-E3C9723BCEC9}
	EndGlobalSection
EndGlobal
