
Microsoft Visual Studio Solution File, Format Version 12.00
# Visual Studio Version 17
VisualStudioVersion = 17.7.34031.279
MinimumVisualStudioVersion = 10.0.40219.1
Project("{FAE04EC0-301F-11D3-BF4B-00C04F79EFBC}") = "bài 2 kiểm tra", "bài 2 kiểm tra\bài 2 kiểm tra.csproj", "{94468189-0E59-49FB-979C-C0BF6A132527}"
EndProject
Global
	GlobalSection(SolutionConfigurationPlatforms) = preSolution
		Debug|Any CPU = Debug|Any CPU
		Release|Any CPU = Release|Any CPU
	EndGlobalSection
	GlobalSection(ProjectConfigurationPlatforms) = postSolution
		{94468189-0E59-49FB-979C-C0BF6A132527}.Debug|Any CPU.ActiveCfg = Debug|Any CPU
		{94468189-0E59-49FB-979C-C0BF6A132527}.Debug|Any CPU.Build.0 = Debug|Any CPU
		{94468189-0E59-49FB-979C-C0BF6A132527}.Release|Any CPU.ActiveCfg = Release|Any CPU
		{94468189-0E59-49FB-979C-C0BF6A132527}.Release|Any CPU.Build.0 = Release|Any CPU
	EndGlobalSection
	GlobalSection(SolutionProperties) = preSolution
		HideSolutionNode = FALSE
	EndGlobalSection
	GlobalSection(ExtensibilityGlobals) = postSolution
		SolutionGuid = {B63DDCE1-EFAB-4B6F-A5C6-DD27A097F93A}
	EndGlobalSection
EndGlobal
