
Microsoft Visual Studio Solution File, Format Version 12.00
# Visual Studio Version 17
VisualStudioVersion = 17.7.34031.279
MinimumVisualStudioVersion = 10.0.40219.1
Project("{FAE04EC0-301F-11D3-BF4B-00C04F79EFBC}") = "bai 17", "bai 17\bai 17.csproj", "{BF708E42-B0E3-4D43-A9A6-C24A97D0BFB1}"
EndProject
Global
	GlobalSection(SolutionConfigurationPlatforms) = preSolution
		Debug|Any CPU = Debug|Any CPU
		Release|Any CPU = Release|Any CPU
	EndGlobalSection
	GlobalSection(ProjectConfigurationPlatforms) = postSolution
		{BF708E42-B0E3-4D43-A9A6-C24A97D0BFB1}.Debug|Any CPU.ActiveCfg = Debug|Any CPU
		{BF708E42-B0E3-4D43-A9A6-C24A97D0BFB1}.Debug|Any CPU.Build.0 = Debug|Any CPU
		{BF708E42-B0E3-4D43-A9A6-C24A97D0BFB1}.Release|Any CPU.ActiveCfg = Release|Any CPU
		{BF708E42-B0E3-4D43-A9A6-C24A97D0BFB1}.Release|Any CPU.Build.0 = Release|Any CPU
	EndGlobalSection
	GlobalSection(SolutionProperties) = preSolution
		HideSolutionNode = FALSE
	EndGlobalSection
	GlobalSection(ExtensibilityGlobals) = postSolution
		SolutionGuid = {6CFC495A-CE6D-46A4-8F87-9C8250F2574B}
	EndGlobalSection
EndGlobal
