
Microsoft Visual Studio Solution File, Format Version 12.00
# Visual Studio Version 17
VisualStudioVersion = 17.7.34031.279
MinimumVisualStudioVersion = 10.0.40219.1
Project("{FAE04EC0-301F-11D3-BF4B-00C04F79EFBC}") = "tam giác", "tam giác\tam giác.csproj", "{7F626394-EB3B-43B1-A367-62F033BD962C}"
EndProject
Global
	GlobalSection(SolutionConfigurationPlatforms) = preSolution
		Debug|Any CPU = Debug|Any CPU
		Release|Any CPU = Release|Any CPU
	EndGlobalSection
	GlobalSection(ProjectConfigurationPlatforms) = postSolution
		{7F626394-EB3B-43B1-A367-62F033BD962C}.Debug|Any CPU.ActiveCfg = Debug|Any CPU
		{7F626394-EB3B-43B1-A367-62F033BD962C}.Debug|Any CPU.Build.0 = Debug|Any CPU
		{7F626394-EB3B-43B1-A367-62F033BD962C}.Release|Any CPU.ActiveCfg = Release|Any CPU
		{7F626394-EB3B-43B1-A367-62F033BD962C}.Release|Any CPU.Build.0 = Release|Any CPU
	EndGlobalSection
	GlobalSection(SolutionProperties) = preSolution
		HideSolutionNode = FALSE
	EndGlobalSection
	GlobalSection(ExtensibilityGlobals) = postSolution
		SolutionGuid = {35507B62-D6C9-46FD-8A65-8D139A396CC9}
	EndGlobalSection
EndGlobal
