
Microsoft Visual Studio Solution File, Format Version 12.00
# Visual Studio Version 17
VisualStudioVersion = 17.7.34031.279
MinimumVisualStudioVersion = 10.0.40219.1
Project("{FAE04EC0-301F-11D3-BF4B-00C04F79EFBC}") = "Phương thức Anonymous", "Phương thức Anonymous.csproj", "{1D63E03D-0E9E-4997-842E-4142DCA2325C}"
EndProject
Global
	GlobalSection(SolutionConfigurationPlatforms) = preSolution
		Debug|Any CPU = Debug|Any CPU
		Release|Any CPU = Release|Any CPU
	EndGlobalSection
	GlobalSection(ProjectConfigurationPlatforms) = postSolution
		{1D63E03D-0E9E-4997-842E-4142DCA2325C}.Debug|Any CPU.ActiveCfg = Debug|Any CPU
		{1D63E03D-0E9E-4997-842E-4142DCA2325C}.Debug|Any CPU.Build.0 = Debug|Any CPU
		{1D63E03D-0E9E-4997-842E-4142DCA2325C}.Release|Any CPU.ActiveCfg = Release|Any CPU
		{1D63E03D-0E9E-4997-842E-4142DCA2325C}.Release|Any CPU.Build.0 = Release|Any CPU
	EndGlobalSection
	GlobalSection(SolutionProperties) = preSolution
		HideSolutionNode = FALSE
	EndGlobalSection
	GlobalSection(ExtensibilityGlobals) = postSolution
		SolutionGuid = {5E57B0BB-23D2-40D9-85A0-7564FE45105D}
	EndGlobalSection
EndGlobal
