
Microsoft Visual Studio Solution File, Format Version 12.00
# Visual Studio Version 17
VisualStudioVersion = 17.7.34031.279
MinimumVisualStudioVersion = 10.0.40219.1
Project("{FAE04EC0-301F-11D3-BF4B-00C04F79EFBC}") = "vd interface", "vd interface\vd interface.csproj", "{6CB3FA66-4B50-458C-8A76-6982C926C778}"
EndProject
Global
	GlobalSection(SolutionConfigurationPlatforms) = preSolution
		Debug|Any CPU = Debug|Any CPU
		Release|Any CPU = Release|Any CPU
	EndGlobalSection
	GlobalSection(ProjectConfigurationPlatforms) = postSolution
		{6CB3FA66-4B50-458C-8A76-6982C926C778}.Debug|Any CPU.ActiveCfg = Debug|Any CPU
		{6CB3FA66-4B50-458C-8A76-6982C926C778}.Debug|Any CPU.Build.0 = Debug|Any CPU
		{6CB3FA66-4B50-458C-8A76-6982C926C778}.Release|Any CPU.ActiveCfg = Release|Any CPU
		{6CB3FA66-4B50-458C-8A76-6982C926C778}.Release|Any CPU.Build.0 = Release|Any CPU
	EndGlobalSection
	GlobalSection(SolutionProperties) = preSolution
		HideSolutionNode = FALSE
	EndGlobalSection
	GlobalSection(ExtensibilityGlobals) = postSolution
		SolutionGuid = {B62EAE9A-D004-4140-91DE-EC7C8D087480}
	EndGlobalSection
EndGlobal
