
Microsoft Visual Studio Solution File, Format Version 12.00
# Visual Studio Version 17
VisualStudioVersion = 17.7.34031.279
MinimumVisualStudioVersion = 10.0.40219.1
Project("{FAE04EC0-301F-11D3-BF4B-00C04F79EFBC}") = "Chương 3", "Chương 3\Chương 3.csproj", "{F6CE7C7C-1D18-4756-95DA-680B53765E45}"
EndProject
Global
	GlobalSection(SolutionConfigurationPlatforms) = preSolution
		Debug|Any CPU = Debug|Any CPU
		Release|Any CPU = Release|Any CPU
	EndGlobalSection
	GlobalSection(ProjectConfigurationPlatforms) = postSolution
		{F6CE7C7C-1D18-4756-95DA-680B53765E45}.Debug|Any CPU.ActiveCfg = Debug|Any CPU
		{F6CE7C7C-1D18-4756-95DA-680B53765E45}.Debug|Any CPU.Build.0 = Debug|Any CPU
		{F6CE7C7C-1D18-4756-95DA-680B53765E45}.Release|Any CPU.ActiveCfg = Release|Any CPU
		{F6CE7C7C-1D18-4756-95DA-680B53765E45}.Release|Any CPU.Build.0 = Release|Any CPU
	EndGlobalSection
	GlobalSection(SolutionProperties) = preSolution
		HideSolutionNode = FALSE
	EndGlobalSection
	GlobalSection(ExtensibilityGlobals) = postSolution
		SolutionGuid = {D71F4F74-506A-452A-AACE-D5CFD2A88268}
	EndGlobalSection
EndGlobal
