
Microsoft Visual Studio Solution File, Format Version 12.00
# Visual Studio Version 17
VisualStudioVersion = 17.7.34031.279
MinimumVisualStudioVersion = 10.0.40219.1
Project("{FAE04EC0-301F-11D3-BF4B-00C04F79EFBC}") = "QuanLyDiemSV", "QuanLyDiemSV\QuanLyDiemSV.csproj", "{8FAEA3B4-F6C6-4F46-8C73-E7F8FCB874A1}"
EndProject
Global
	GlobalSection(SolutionConfigurationPlatforms) = preSolution
		Debug|Any CPU = Debug|Any CPU
		Release|Any CPU = Release|Any CPU
	EndGlobalSection
	GlobalSection(ProjectConfigurationPlatforms) = postSolution
		{8FAEA3B4-F6C6-4F46-8C73-E7F8FCB874A1}.Debug|Any CPU.ActiveCfg = Debug|Any CPU
		{8FAEA3B4-F6C6-4F46-8C73-E7F8FCB874A1}.Debug|Any CPU.Build.0 = Debug|Any CPU
		{8FAEA3B4-F6C6-4F46-8C73-E7F8FCB874A1}.Release|Any CPU.ActiveCfg = Release|Any CPU
		{8FAEA3B4-F6C6-4F46-8C73-E7F8FCB874A1}.Release|Any CPU.Build.0 = Release|Any CPU
	EndGlobalSection
	GlobalSection(SolutionProperties) = preSolution
		HideSolutionNode = FALSE
	EndGlobalSection
	GlobalSection(ExtensibilityGlobals) = postSolution
		SolutionGuid = {0EAE2584-B7E1-42E7-BAD1-10CD2F6388BF}
	EndGlobalSection
EndGlobal
