
Microsoft Visual Studio Solution File, Format Version 12.00
# Visual Studio Version 17
VisualStudioVersion = 17.7.34031.279
MinimumVisualStudioVersion = 10.0.40219.1
Project("{FAE04EC0-301F-11D3-BF4B-00C04F79EFBC}") = "bai 20", "bai 20\bai 20.csproj", "{724F591D-BCB4-41E4-8785-39C967CFD433}"
EndProject
Global
	GlobalSection(SolutionConfigurationPlatforms) = preSolution
		Debug|Any CPU = Debug|Any CPU
		Release|Any CPU = Release|Any CPU
	EndGlobalSection
	GlobalSection(ProjectConfigurationPlatforms) = postSolution
		{724F591D-BCB4-41E4-8785-39C967CFD433}.Debug|Any CPU.ActiveCfg = Debug|Any CPU
		{724F591D-BCB4-41E4-8785-39C967CFD433}.Debug|Any CPU.Build.0 = Debug|Any CPU
		{724F591D-BCB4-41E4-8785-39C967CFD433}.Release|Any CPU.ActiveCfg = Release|Any CPU
		{724F591D-BCB4-41E4-8785-39C967CFD433}.Release|Any CPU.Build.0 = Release|Any CPU
	EndGlobalSection
	GlobalSection(SolutionProperties) = preSolution
		HideSolutionNode = FALSE
	EndGlobalSection
	GlobalSection(ExtensibilityGlobals) = postSolution
		SolutionGuid = {BD97447C-896D-489C-93AE-182365BC2309}
	EndGlobalSection
EndGlobal
